# THIS IS AN AUTOGENERATED FILE. DO NOT EDIT THIS FILE DIRECTLY.
# yarn lockfile v1


install@^0.8.7:
  version "0.8.7"
  resolved "http://registry.npm.taobao.org/install/download/install-0.8.7.tgz#f6a8a0e5d696208e8811574031b6e96a7c4c77b2"

three.js@^0.77.1:
  version "0.77.1"
  resolved "http://registry.npm.taobao.org/three.js/download/three.js-0.77.1.tgz#07858a8749e4b627a31083252a2d987776cca32a"
  dependencies:
    three "0.77.0"

three@0.77.0:
  version "0.77.0"
  resolved "http://registry.npm.taobao.org/three/download/three-0.77.0.tgz#8b0b1b00047689ceaa020d480a562ca60d87ff37"
